
Microsoft Visual Studio Solution File, Format Version 12.00
# Visual Studio Version 16
VisualStudioVersion = 16.0.810.0
MinimumVisualStudioVersion = 10.0.40219.1
Project("{FAE04EC0-301F-11D3-BF4B-00C04F79EFBC}") = "CloudRun.AspNetCore", "CloudRun.AspNetCore\CloudRun.AspNetCore.csproj", "{46C42690-C40A-446A-90EF-27C705F703FC}"
EndProject
Project("{2150E333-8FDC-42A3-9474-1A3956D46DE8}") = "Deps", "Deps", "{B53CC88F-8C9D-4300-9A8A-6962C16B5261}"
EndProject
Project("{FAE04EC0-301F-11D3-BF4B-00C04F79EFBC}") = "CloudRun.Common", "..\CloudRun.Common\CloudRun.Common\CloudRun.Common.csproj", "{C6ABF112-F098-473F-99AC-CBC2A1997A63}"
EndProject
Project("{FAE04EC0-301F-11D3-BF4B-00C04F79EFBC}") = "CloudRun.AWS", "..\CloudRun.AWS\CloudRun.AWS\CloudRun.AWS.csproj", "{595F17CC-FFA0-4630-8744-D7A6DF0C6BFD}"
EndProject
Global
	GlobalSection(SolutionConfigurationPlatforms) = preSolution
		Debug|Any CPU = Debug|Any CPU
		Release|Any CPU = Release|Any CPU
	EndGlobalSection
	GlobalSection(ProjectConfigurationPlatforms) = postSolution
		{46C42690-C40A-446A-90EF-27C705F703FC}.Debug|Any CPU.ActiveCfg = Debug|Any CPU
		{46C42690-C40A-446A-90EF-27C705F703FC}.Debug|Any CPU.Build.0 = Debug|Any CPU
		{46C42690-C40A-446A-90EF-27C705F703FC}.Release|Any CPU.ActiveCfg = Release|Any CPU
		{46C42690-C40A-446A-90EF-27C705F703FC}.Release|Any CPU.Build.0 = Release|Any CPU
		{C6ABF112-F098-473F-99AC-CBC2A1997A63}.Debug|Any CPU.ActiveCfg = Debug|Any CPU
		{C6ABF112-F098-473F-99AC-CBC2A1997A63}.Debug|Any CPU.Build.0 = Debug|Any CPU
		{C6ABF112-F098-473F-99AC-CBC2A1997A63}.Release|Any CPU.ActiveCfg = Release|Any CPU
		{C6ABF112-F098-473F-99AC-CBC2A1997A63}.Release|Any CPU.Build.0 = Release|Any CPU
		{595F17CC-FFA0-4630-8744-D7A6DF0C6BFD}.Debug|Any CPU.ActiveCfg = Debug|Any CPU
		{595F17CC-FFA0-4630-8744-D7A6DF0C6BFD}.Debug|Any CPU.Build.0 = Debug|Any CPU
		{595F17CC-FFA0-4630-8744-D7A6DF0C6BFD}.Release|Any CPU.ActiveCfg = Release|Any CPU
		{595F17CC-FFA0-4630-8744-D7A6DF0C6BFD}.Release|Any CPU.Build.0 = Release|Any CPU
	EndGlobalSection
	GlobalSection(SolutionProperties) = preSolution
		HideSolutionNode = FALSE
	EndGlobalSection
	GlobalSection(ExtensibilityGlobals) = postSolution
		SolutionGuid = {55905EE7-4FD7-423A-AABD-C001C25F1B5A}
	EndGlobalSection
	GlobalSection(NestedProjects) = preSolution
		{C6ABF112-F098-473F-99AC-CBC2A1997A63} = {B53CC88F-8C9D-4300-9A8A-6962C16B5261}
		{595F17CC-FFA0-4630-8744-D7A6DF0C6BFD} = {B53CC88F-8C9D-4300-9A8A-6962C16B5261}
	EndGlobalSection
EndGlobal
